
Microsoft Visual Studio Solution File, Format Version 12.00
# Visual Studio Version 17
VisualStudioVersion = 17.5.33516.290
MinimumVisualStudioVersion = 10.0.40219.1
Project("{8BC9CEB8-8B4A-11D0-8D11-00A0C91BC942}") = "gittest", "gittest.vcxproj", "{B125A4D3-22A5-42E1-A097-9A31872F5906}"
EndProject
Global
	GlobalSection(SolutionConfigurationPlatforms) = preSolution
		Debug|x64 = Debug|x64
		Release|x64 = Release|x64
	EndGlobalSection
	GlobalSection(ProjectConfigurationPlatforms) = postSolution
		{B125A4D3-22A5-42E1-A097-9A31872F5906}.Debug|x64.ActiveCfg = Debug|x64
		{B125A4D3-22A5-42E1-A097-9A31872F5906}.Debug|x64.Build.0 = Debug|x64
		{B125A4D3-22A5-42E1-A097-9A31872F5906}.Release|x64.ActiveCfg = Release|x64
		{B125A4D3-22A5-42E1-A097-9A31872F5906}.Release|x64.Build.0 = Release|x64
	EndGlobalSection
	GlobalSection(SolutionProperties) = preSolution
		HideSolutionNode = FALSE
	EndGlobalSection
	GlobalSection(ExtensibilityGlobals) = postSolution
		SolutionGuid = {CE52CA6B-9D77-4452-BC4C-A4E3AA04F227}
	EndGlobalSection
EndGlobal
